
Microsoft Visual Studio Solution File, Format Version 11.00
# Visual Studio 2010
Project("{FAE04EC0-301F-11D3-BF4B-00C04F79EFBC}") = "WebSocketsServerDemo", "WebSocketsServerDemo\WebSocketsServerDemo.csproj", "{B93DE8B8-F602-41BB-BD2C-05E7EF6BDEB7}"
EndProject
Project("{FAE04EC0-301F-11D3-BF4B-00C04F79EFBC}") = "WebSocketsClientDemo", "WebSocketsClientDemo\WebSocketsClientDemo.csproj", "{53671F74-6760-4CBB-B664-32855B45F14B}"
EndProject
Global
	GlobalSection(SolutionConfigurationPlatforms) = preSolution
		Debug|x86 = Debug|x86
		Release|x86 = Release|x86
	EndGlobalSection
	GlobalSection(ProjectConfigurationPlatforms) = postSolution
		{B93DE8B8-F602-41BB-BD2C-05E7EF6BDEB7}.Debug|x86.ActiveCfg = Debug|x86
		{B93DE8B8-F602-41BB-BD2C-05E7EF6BDEB7}.Debug|x86.Build.0 = Debug|x86
		{B93DE8B8-F602-41BB-BD2C-05E7EF6BDEB7}.Release|x86.ActiveCfg = Release|x86
		{B93DE8B8-F602-41BB-BD2C-05E7EF6BDEB7}.Release|x86.Build.0 = Release|x86
		{53671F74-6760-4CBB-B664-32855B45F14B}.Debug|x86.ActiveCfg = Debug|x86
		{53671F74-6760-4CBB-B664-32855B45F14B}.Debug|x86.Build.0 = Debug|x86
		{53671F74-6760-4CBB-B664-32855B45F14B}.Release|x86.ActiveCfg = Release|x86
		{53671F74-6760-4CBB-B664-32855B45F14B}.Release|x86.Build.0 = Release|x86
	EndGlobalSection
	GlobalSection(SolutionProperties) = preSolution
		HideSolutionNode = FALSE
	EndGlobalSection
EndGlobal
